
Microsoft Visual Studio Solution File, Format Version 12.00
# Visual Studio 2015
Project("{FAE04EC0-301F-11D3-BF4B-00C04F79EFBC}") = "Labirint_LD1076.CSharp", "Labirint_LD1076.CSharp.csproj", "{92098C75-B1E5-9615-7338-2949BD097ABF}"
EndProject
Global
	GlobalSection(SolutionConfigurationPlatforms) = preSolution
		Debug|Any CPU = Debug|Any CPU
		Release|Any CPU = Release|Any CPU
	EndGlobalSection
	GlobalSection(ProjectConfigurationPlatforms) = postSolution
		{92098C75-B1E5-9615-7338-2949BD097ABF}.Debug|Any CPU.ActiveCfg = Debug|Any CPU
		{92098C75-B1E5-9615-7338-2949BD097ABF}.Debug|Any CPU.Build.0 = Debug|Any CPU
		{92098C75-B1E5-9615-7338-2949BD097ABF}.Release|Any CPU.ActiveCfg = Release|Any CPU
		{92098C75-B1E5-9615-7338-2949BD097ABF}.Release|Any CPU.Build.0 = Release|Any CPU
	EndGlobalSection
	GlobalSection(SolutionProperties) = preSolution
		HideSolutionNode = FALSE
	EndGlobalSection
EndGlobal
